
Microsoft Visual Studio Solution File, Format Version 12.00
# Visual Studio Version 16
VisualStudioVersion = 16.0.31205.134
MinimumVisualStudioVersion = 10.0.40219.1
Project("{9A19103F-16F7-4668-BE54-9A1E7A4F7556}") = "Core", "Core\Core.csproj", "{E32C679A-B897-499B-A3C0-43D6292FA7D6}"
EndProject
Project("{9A19103F-16F7-4668-BE54-9A1E7A4F7556}") = "Infrastructure", "Infrastructure\Infrastructure.csproj", "{82AFBC06-9107-40B3-9042-F732190F6D94}"
EndProject
Project("{9A19103F-16F7-4668-BE54-9A1E7A4F7556}") = "CosmosIdentityFunc", "CosmosIdentityFunc\CosmosIdentityFunc.csproj", "{5327C7E7-811E-430E-9A54-2BF8EB9C1DD2}"
EndProject
Project("{FAE04EC0-301F-11D3-BF4B-00C04F79EFBC}") = "CosmosIdentity.Api", "CosmosIdentity.Api\CosmosIdentity.Api.csproj", "{DBDC68EB-4677-4990-AEAD-24A3943076A5}"
EndProject
Global
	GlobalSection(SolutionConfigurationPlatforms) = preSolution
		Debug|Any CPU = Debug|Any CPU
		Release|Any CPU = Release|Any CPU
	EndGlobalSection
	GlobalSection(ProjectConfigurationPlatforms) = postSolution
		{E32C679A-B897-499B-A3C0-43D6292FA7D6}.Debug|Any CPU.ActiveCfg = Debug|Any CPU
		{E32C679A-B897-499B-A3C0-43D6292FA7D6}.Debug|Any CPU.Build.0 = Debug|Any CPU
		{E32C679A-B897-499B-A3C0-43D6292FA7D6}.Release|Any CPU.ActiveCfg = Release|Any CPU
		{E32C679A-B897-499B-A3C0-43D6292FA7D6}.Release|Any CPU.Build.0 = Release|Any CPU
		{82AFBC06-9107-40B3-9042-F732190F6D94}.Debug|Any CPU.ActiveCfg = Debug|Any CPU
		{82AFBC06-9107-40B3-9042-F732190F6D94}.Debug|Any CPU.Build.0 = Debug|Any CPU
		{82AFBC06-9107-40B3-9042-F732190F6D94}.Release|Any CPU.ActiveCfg = Release|Any CPU
		{82AFBC06-9107-40B3-9042-F732190F6D94}.Release|Any CPU.Build.0 = Release|Any CPU
		{5327C7E7-811E-430E-9A54-2BF8EB9C1DD2}.Debug|Any CPU.ActiveCfg = Debug|Any CPU
		{5327C7E7-811E-430E-9A54-2BF8EB9C1DD2}.Debug|Any CPU.Build.0 = Debug|Any CPU
		{5327C7E7-811E-430E-9A54-2BF8EB9C1DD2}.Release|Any CPU.ActiveCfg = Release|Any CPU
		{5327C7E7-811E-430E-9A54-2BF8EB9C1DD2}.Release|Any CPU.Build.0 = Release|Any CPU
		{DBDC68EB-4677-4990-AEAD-24A3943076A5}.Debug|Any CPU.ActiveCfg = Debug|Any CPU
		{DBDC68EB-4677-4990-AEAD-24A3943076A5}.Debug|Any CPU.Build.0 = Debug|Any CPU
		{DBDC68EB-4677-4990-AEAD-24A3943076A5}.Release|Any CPU.ActiveCfg = Release|Any CPU
		{DBDC68EB-4677-4990-AEAD-24A3943076A5}.Release|Any CPU.Build.0 = Release|Any CPU
	EndGlobalSection
	GlobalSection(SolutionProperties) = preSolution
		HideSolutionNode = FALSE
	EndGlobalSection
	GlobalSection(ExtensibilityGlobals) = postSolution
		SolutionGuid = {DBD3BECA-0905-4641-AB21-948D03262F42}
	EndGlobalSection
EndGlobal
